{
  "name": "day39-nodejs03",
  "version": "1.0.0",
  "lockfileVersion": 1,
  "requires": true,
  "dependencies": {
    "h5-1907-yhr": {
      "version": "1.0.0",
      "resolved": "https://registry.npmjs.org/h5-1907-yhr/-/h5-1907-yhr-1.0.0.tgz",
      "integrity": "sha512-pmN56/myHjBVMz6l3NgqRjAHy76+d/b/laTc067plGHWcYkPKmuLau9yrrbiKz1/v+P5HymkXLZoElddCMSErg=="
    }
  }
}
